
Microsoft Visual Studio Solution File, Format Version 12.00
# Visual Studio Version 17
VisualStudioVersion = 17.0.31903.59
MinimumVisualStudioVersion = 10.0.40219.1
Project("{FAE04EC0-301F-11D3-BF4B-00C04F79EFBC}") = "FitLife.Membership.Api", "FitLife.Membership.Api\FitLife.Membership.Api.csproj", "{A88FECB2-4D6F-422B-8198-E53BF53C6E14}"
EndProject
Project("{FAE04EC0-301F-11D3-BF4B-00C04F79EFBC}") = "FitLife.Membership.Tests", "FitLife.Membership.Tests\FitLife.Membership.Tests.csproj", "{6D61A536-2E7B-46DF-BF4E-EF561880A232}"
EndProject
Global
	GlobalSection(SolutionConfigurationPlatforms) = preSolution
		Debug|Any CPU = Debug|Any CPU
		Debug|x64 = Debug|x64
		Debug|x86 = Debug|x86
		Release|Any CPU = Release|Any CPU
		Release|x64 = Release|x64
		Release|x86 = Release|x86
	EndGlobalSection
	GlobalSection(ProjectConfigurationPlatforms) = postSolution
		{A88FECB2-4D6F-422B-8198-E53BF53C6E14}.Debug|Any CPU.ActiveCfg = Debug|Any CPU
		{A88FECB2-4D6F-422B-8198-E53BF53C6E14}.Debug|Any CPU.Build.0 = Debug|Any CPU
		{A88FECB2-4D6F-422B-8198-E53BF53C6E14}.Debug|x64.ActiveCfg = Debug|Any CPU
		{A88FECB2-4D6F-422B-8198-E53BF53C6E14}.Debug|x64.Build.0 = Debug|Any CPU
		{A88FECB2-4D6F-422B-8198-E53BF53C6E14}.Debug|x86.ActiveCfg = Debug|Any CPU
		{A88FECB2-4D6F-422B-8198-E53BF53C6E14}.Debug|x86.Build.0 = Debug|Any CPU
		{A88FECB2-4D6F-422B-8198-E53BF53C6E14}.Release|Any CPU.ActiveCfg = Release|Any CPU
		{A88FECB2-4D6F-422B-8198-E53BF53C6E14}.Release|Any CPU.Build.0 = Release|Any CPU
		{A88FECB2-4D6F-422B-8198-E53BF53C6E14}.Release|x64.ActiveCfg = Release|Any CPU
		{A88FECB2-4D6F-422B-8198-E53BF53C6E14}.Release|x64.Build.0 = Release|Any CPU
		{A88FECB2-4D6F-422B-8198-E53BF53C6E14}.Release|x86.ActiveCfg = Release|Any CPU
		{A88FECB2-4D6F-422B-8198-E53BF53C6E14}.Release|x86.Build.0 = Release|Any CPU
		{6D61A536-2E7B-46DF-BF4E-EF561880A232}.Debug|Any CPU.ActiveCfg = Debug|Any CPU
		{6D61A536-2E7B-46DF-BF4E-EF561880A232}.Debug|Any CPU.Build.0 = Debug|Any CPU
		{6D61A536-2E7B-46DF-BF4E-EF561880A232}.Debug|x64.ActiveCfg = Debug|Any CPU
		{6D61A536-2E7B-46DF-BF4E-EF561880A232}.Debug|x64.Build.0 = Debug|Any CPU
		{6D61A536-2E7B-46DF-BF4E-EF561880A232}.Debug|x86.ActiveCfg = Debug|Any CPU
		{6D61A536-2E7B-46DF-BF4E-EF561880A232}.Debug|x86.Build.0 = Debug|Any CPU
		{6D61A536-2E7B-46DF-BF4E-EF561880A232}.Release|Any CPU.ActiveCfg = Release|Any CPU
		{6D61A536-2E7B-46DF-BF4E-EF561880A232}.Release|Any CPU.Build.0 = Release|Any CPU
		{6D61A536-2E7B-46DF-BF4E-EF561880A232}.Release|x64.ActiveCfg = Release|Any CPU
		{6D61A536-2E7B-46DF-BF4E-EF561880A232}.Release|x64.Build.0 = Release|Any CPU
		{6D61A536-2E7B-46DF-BF4E-EF561880A232}.Release|x86.ActiveCfg = Release|Any CPU
		{6D61A536-2E7B-46DF-BF4E-EF561880A232}.Release|x86.Build.0 = Release|Any CPU
	EndGlobalSection
	GlobalSection(SolutionProperties) = preSolution
		HideSolutionNode = FALSE
	EndGlobalSection
EndGlobal
